
Microsoft Visual Studio Solution File, Format Version 12.00
# Visual Studio Version 17
VisualStudioVersion = 17.0.31903.59
MinimumVisualStudioVersion = 10.0.40219.1
Project("{2150E333-8FDC-42A3-9474-1A3956D46DE8}") = "src", "src", "{827E0CD3-B72D-47B6-A68D-7590B98EB39B}"
EndProject
Project("{FAE04EC0-301F-11D3-BF4B-00C04F79EFBC}") = "Abeat.Core", "src\Abeat.Core\Abeat.Core.csproj", "{4AAC6A21-78DD-4B46-9140-326F8CF84E15}"
EndProject
Project("{FAE04EC0-301F-11D3-BF4B-00C04F79EFBC}") = "Abeat.Cli", "src\Abeat.Cli\Abeat.Cli.csproj", "{9CA46726-CEDD-4A46-BD17-E1D4182B3678}"
EndProject
Project("{2150E333-8FDC-42A3-9474-1A3956D46DE8}") = "tests", "tests", "{0AB3BF05-4346-4AA6-1389-037BE0695223}"
EndProject
Project("{FAE04EC0-301F-11D3-BF4B-00C04F79EFBC}") = "Abeat.Core.Tests", "tests\Abeat.Core.Tests\Abeat.Core.Tests.csproj", "{54710D56-7126-43C6-BD9C-74C4EDF51662}"
EndProject
Project("{FAE04EC0-301F-11D3-BF4B-00C04F79EFBC}") = "Abeat.Web", "src\Abeat.Web\Abeat.Web.csproj", "{74BEC225-52A4-43DE-B659-B3793FADD859}"
EndProject
Global
	GlobalSection(SolutionConfigurationPlatforms) = preSolution
		Debug|Any CPU = Debug|Any CPU
		Debug|x64 = Debug|x64
		Debug|x86 = Debug|x86
		Release|Any CPU = Release|Any CPU
		Release|x64 = Release|x64
		Release|x86 = Release|x86
	EndGlobalSection
	GlobalSection(ProjectConfigurationPlatforms) = postSolution
		{4AAC6A21-78DD-4B46-9140-326F8CF84E15}.Debug|Any CPU.ActiveCfg = Debug|Any CPU
		{4AAC6A21-78DD-4B46-9140-326F8CF84E15}.Debug|Any CPU.Build.0 = Debug|Any CPU
		{4AAC6A21-78DD-4B46-9140-326F8CF84E15}.Debug|x64.ActiveCfg = Debug|Any CPU
		{4AAC6A21-78DD-4B46-9140-326F8CF84E15}.Debug|x64.Build.0 = Debug|Any CPU
		{4AAC6A21-78DD-4B46-9140-326F8CF84E15}.Debug|x86.ActiveCfg = Debug|Any CPU
		{4AAC6A21-78DD-4B46-9140-326F8CF84E15}.Debug|x86.Build.0 = Debug|Any CPU
		{4AAC6A21-78DD-4B46-9140-326F8CF84E15}.Release|Any CPU.ActiveCfg = Release|Any CPU
		{4AAC6A21-78DD-4B46-9140-326F8CF84E15}.Release|Any CPU.Build.0 = Release|Any CPU
		{4AAC6A21-78DD-4B46-9140-326F8CF84E15}.Release|x64.ActiveCfg = Release|Any CPU
		{4AAC6A21-78DD-4B46-9140-326F8CF84E15}.Release|x64.Build.0 = Release|Any CPU
		{4AAC6A21-78DD-4B46-9140-326F8CF84E15}.Release|x86.ActiveCfg = Release|Any CPU
		{4AAC6A21-78DD-4B46-9140-326F8CF84E15}.Release|x86.Build.0 = Release|Any CPU
		{9CA46726-CEDD-4A46-BD17-E1D4182B3678}.Debug|Any CPU.ActiveCfg = Debug|Any CPU
		{9CA46726-CEDD-4A46-BD17-E1D4182B3678}.Debug|Any CPU.Build.0 = Debug|Any CPU
		{9CA46726-CEDD-4A46-BD17-E1D4182B3678}.Debug|x64.ActiveCfg = Debug|Any CPU
		{9CA46726-CEDD-4A46-BD17-E1D4182B3678}.Debug|x64.Build.0 = Debug|Any CPU
		{9CA46726-CEDD-4A46-BD17-E1D4182B3678}.Debug|x86.ActiveCfg = Debug|Any CPU
		{9CA46726-CEDD-4A46-BD17-E1D4182B3678}.Debug|x86.Build.0 = Debug|Any CPU
		{9CA46726-CEDD-4A46-BD17-E1D4182B3678}.Release|Any CPU.ActiveCfg = Release|Any CPU
		{9CA46726-CEDD-4A46-BD17-E1D4182B3678}.Release|Any CPU.Build.0 = Release|Any CPU
		{9CA46726-CEDD-4A46-BD17-E1D4182B3678}.Release|x64.ActiveCfg = Release|Any CPU
		{9CA46726-CEDD-4A46-BD17-E1D4182B3678}.Release|x64.Build.0 = Release|Any CPU
		{9CA46726-CEDD-4A46-BD17-E1D4182B3678}.Release|x86.ActiveCfg = Release|Any CPU
		{9CA46726-CEDD-4A46-BD17-E1D4182B3678}.Release|x86.Build.0 = Release|Any CPU
		{54710D56-7126-43C6-BD9C-74C4EDF51662}.Debug|Any CPU.ActiveCfg = Debug|Any CPU
		{54710D56-7126-43C6-BD9C-74C4EDF51662}.Debug|Any CPU.Build.0 = Debug|Any CPU
		{54710D56-7126-43C6-BD9C-74C4EDF51662}.Debug|x64.ActiveCfg = Debug|Any CPU
		{54710D56-7126-43C6-BD9C-74C4EDF51662}.Debug|x64.Build.0 = Debug|Any CPU
		{54710D56-7126-43C6-BD9C-74C4EDF51662}.Debug|x86.ActiveCfg = Debug|Any CPU
		{54710D56-7126-43C6-BD9C-74C4EDF51662}.Debug|x86.Build.0 = Debug|Any CPU
		{54710D56-7126-43C6-BD9C-74C4EDF51662}.Release|Any CPU.ActiveCfg = Release|Any CPU
		{54710D56-7126-43C6-BD9C-74C4EDF51662}.Release|Any CPU.Build.0 = Release|Any CPU
		{54710D56-7126-43C6-BD9C-74C4EDF51662}.Release|x64.ActiveCfg = Release|Any CPU
		{54710D56-7126-43C6-BD9C-74C4EDF51662}.Release|x64.Build.0 = Release|Any CPU
		{54710D56-7126-43C6-BD9C-74C4EDF51662}.Release|x86.ActiveCfg = Release|Any CPU
		{54710D56-7126-43C6-BD9C-74C4EDF51662}.Release|x86.Build.0 = Release|Any CPU
		{74BEC225-52A4-43DE-B659-B3793FADD859}.Debug|Any CPU.ActiveCfg = Debug|Any CPU
		{74BEC225-52A4-43DE-B659-B3793FADD859}.Debug|Any CPU.Build.0 = Debug|Any CPU
		{74BEC225-52A4-43DE-B659-B3793FADD859}.Debug|x64.ActiveCfg = Debug|Any CPU
		{74BEC225-52A4-43DE-B659-B3793FADD859}.Debug|x64.Build.0 = Debug|Any CPU
		{74BEC225-52A4-43DE-B659-B3793FADD859}.Debug|x86.ActiveCfg = Debug|Any CPU
		{74BEC225-52A4-43DE-B659-B3793FADD859}.Debug|x86.Build.0 = Debug|Any CPU
		{74BEC225-52A4-43DE-B659-B3793FADD859}.Release|Any CPU.ActiveCfg = Release|Any CPU
		{74BEC225-52A4-43DE-B659-B3793FADD859}.Release|Any CPU.Build.0 = Release|Any CPU
		{74BEC225-52A4-43DE-B659-B3793FADD859}.Release|x64.ActiveCfg = Release|Any CPU
		{74BEC225-52A4-43DE-B659-B3793FADD859}.Release|x64.Build.0 = Release|Any CPU
		{74BEC225-52A4-43DE-B659-B3793FADD859}.Release|x86.ActiveCfg = Release|Any CPU
		{74BEC225-52A4-43DE-B659-B3793FADD859}.Release|x86.Build.0 = Release|Any CPU
	EndGlobalSection
	GlobalSection(SolutionProperties) = preSolution
		HideSolutionNode = FALSE
	EndGlobalSection
	GlobalSection(NestedProjects) = preSolution
		{4AAC6A21-78DD-4B46-9140-326F8CF84E15} = {827E0CD3-B72D-47B6-A68D-7590B98EB39B}
		{9CA46726-CEDD-4A46-BD17-E1D4182B3678} = {827E0CD3-B72D-47B6-A68D-7590B98EB39B}
		{54710D56-7126-43C6-BD9C-74C4EDF51662} = {0AB3BF05-4346-4AA6-1389-037BE0695223}
		{74BEC225-52A4-43DE-B659-B3793FADD859} = {827E0CD3-B72D-47B6-A68D-7590B98EB39B}
	EndGlobalSection
EndGlobal
